// !$*UTF8*$!
{
	archiveVersion = 1;
	classes = {
	};
	objectVersion = 56;
	objects = {

/* Begin PBXBuildFile section */
		2322AD8A2C2351CB0067D246 /* AuthorMangaCard.swift in Sources */ = {isa = PBXBuildFile; fileRef = 2322AD892C2351CB0067D246 /* AuthorMangaCard.swift */; };
		2322AD8D2C235A3F0067D246 /* MangasFilteredByView.swift in Sources */ = {isa = PBXBuildFile; fileRef = 2322AD8C2C235A3F0067D246 /* MangasFilteredByView.swift */; };
		2322AD8F2C235A640067D246 /* MangasFilteredByViewModel.swift in Sources */ = {isa = PBXBuildFile; fileRef = 2322AD8E2C235A640067D246 /* MangasFilteredByViewModel.swift */; };
		2322AD912C235AFB0067D246 /* MangaInteractor+FilteredBy.swift in Sources */ = {isa = PBXBuildFile; fileRef = 2322AD902C235AFB0067D246 /* MangaInteractor+FilteredBy.swift */; };
		2322AD932C2361930067D246 /* MangaByRequest.swift in Sources */ = {isa = PBXBuildFile; fileRef = 2322AD922C2361930067D246 /* MangaByRequest.swift */; };
		2322AD952C2363080067D246 /* MangaInteractor.swift in Sources */ = {isa = PBXBuildFile; fileRef = 2322AD942C2363080067D246 /* MangaInteractor.swift */; };
		2322AD972C2365930067D246 /* MangasFilteredByFactory.swift in Sources */ = {isa = PBXBuildFile; fileRef = 2322AD962C2365930067D246 /* MangasFilteredByFactory.swift */; };
		2322AD992C23682B0067D246 /* ManagaInteractorBy.swift in Sources */ = {isa = PBXBuildFile; fileRef = 2322AD982C23682B0067D246 /* ManagaInteractorBy.swift */; };
		2322AD9C2C236D6A0067D246 /* MangaCellView.swift in Sources */ = {isa = PBXBuildFile; fileRef = 2322AD9B2C236D6A0067D246 /* MangaCellView.swift */; };
		2322AD9E2C2370AA0067D246 /* Manga+Data.swift in Sources */ = {isa = PBXBuildFile; fileRef = 2322AD9D2C2370AA0067D246 /* Manga+Data.swift */; };
		2322ADA02C2371840067D246 /* MangaInfoView.swift in Sources */ = {isa = PBXBuildFile; fileRef = 2322AD9F2C2371840067D246 /* MangaInfoView.swift */; };
		2325F1EF2C35448700A8A1FE /* MangaDetailsViewModel.swift in Sources */ = {isa = PBXBuildFile; fileRef = 2325F1EE2C35448700A8A1FE /* MangaDetailsViewModel.swift */; };
		2325F1F32C35635E00A8A1FE /* MyCollectionView.swift in Sources */ = {isa = PBXBuildFile; fileRef = 2325F1F22C35635E00A8A1FE /* MyCollectionView.swift */; };
		2325F1F52C35638100A8A1FE /* CollectionItem.swift in Sources */ = {isa = PBXBuildFile; fileRef = 2325F1F42C35638100A8A1FE /* CollectionItem.swift */; };
		2325F1F72C3564D900A8A1FE /* ModelContainer+preview.swift in Sources */ = {isa = PBXBuildFile; fileRef = 2325F1F62C3564D900A8A1FE /* ModelContainer+preview.swift */; };
		2325F1F92C36AD4700A8A1FE /* MyCollectionFactory.swift in Sources */ = {isa = PBXBuildFile; fileRef = 2325F1F82C36AD4700A8A1FE /* MyCollectionFactory.swift */; };
		2325F1FB2C36AD5700A8A1FE /* MyCollectionViewModel.swift in Sources */ = {isa = PBXBuildFile; fileRef = 2325F1FA2C36AD5700A8A1FE /* MyCollectionViewModel.swift */; };
		2325F2032C3FB7E500A8A1FE /* AsyncImageView.swift in Sources */ = {isa = PBXBuildFile; fileRef = 2325F2022C3FB7E400A8A1FE /* AsyncImageView.swift */; };
		2325F2052C45379000A8A1FE /* MyCollectionEditView.swift in Sources */ = {isa = PBXBuildFile; fileRef = 2325F2042C45379000A8A1FE /* MyCollectionEditView.swift */; };
		23494A282C75F80C00390A53 /* CustomAsyncImageView.swift in Sources */ = {isa = PBXBuildFile; fileRef = 23494A272C75F80C00390A53 /* CustomAsyncImageView.swift */; };
		23494A2A2C760C8700390A53 /* AppScreen.swift in Sources */ = {isa = PBXBuildFile; fileRef = 23494A292C760C8700390A53 /* AppScreen.swift */; };
		236340052C245FF4005D5A14 /* Shimmer.swift in Sources */ = {isa = PBXBuildFile; fileRef = 236340042C245FF4005D5A14 /* Shimmer.swift */; };
		23E7C41B2C1C49C50096B742 /* AuthorsRequest.swift in Sources */ = {isa = PBXBuildFile; fileRef = 23E7C41A2C1C49C50096B742 /* AuthorsRequest.swift */; };
		23E7C41F2C1C4AA20096B742 /* DemographicsRequest.swift in Sources */ = {isa = PBXBuildFile; fileRef = 23E7C41E2C1C4AA20096B742 /* DemographicsRequest.swift */; };
		23E7C4212C1C4B720096B742 /* GenresRequest.swift in Sources */ = {isa = PBXBuildFile; fileRef = 23E7C4202C1C4B720096B742 /* GenresRequest.swift */; };
		23E7C4232C1C4BB00096B742 /* ThemesRequest.swift in Sources */ = {isa = PBXBuildFile; fileRef = 23E7C4222C1C4BB00096B742 /* ThemesRequest.swift */; };
		23E7C4252C1C4F400096B742 /* String+Models.swift in Sources */ = {isa = PBXBuildFile; fileRef = 23E7C4242C1C4F400096B742 /* String+Models.swift */; };
		23E7C4272C1C52970096B742 /* Author+Mocks.swift in Sources */ = {isa = PBXBuildFile; fileRef = 23E7C4262C1C52970096B742 /* Author+Mocks.swift */; };
		23E7C4292C1C53BC0096B742 /* Demographic+Mocks.swift in Sources */ = {isa = PBXBuildFile; fileRef = 23E7C4282C1C53BC0096B742 /* Demographic+Mocks.swift */; };
		23E7C42B2C1C54250096B742 /* Genres+Mocks.swift in Sources */ = {isa = PBXBuildFile; fileRef = 23E7C42A2C1C54250096B742 /* Genres+Mocks.swift */; };
		23E7C42D2C1C54740096B742 /* Theme+Mocks.swift in Sources */ = {isa = PBXBuildFile; fileRef = 23E7C42C2C1C54740096B742 /* Theme+Mocks.swift */; };
		23E7C42F2C1C68A60096B742 /* Color+random.swift in Sources */ = {isa = PBXBuildFile; fileRef = 23E7C42E2C1C68A60096B742 /* Color+random.swift */; };
		23E7C4322C1C6ABE0096B742 /* CustomCard.swift in Sources */ = {isa = PBXBuildFile; fileRef = 23E7C4312C1C6ABE0096B742 /* CustomCard.swift */; };
		582618592C12211400B041A2 /* MangaBestRequest.swift in Sources */ = {isa = PBXBuildFile; fileRef = 582618582C12211400B041A2 /* MangaBestRequest.swift */; };
		5826185B2C12220800B041A2 /* HomeView.swift in Sources */ = {isa = PBXBuildFile; fileRef = 5826185A2C12220800B041A2 /* HomeView.swift */; };
		5826185F2C12222100B041A2 /* HomeViewModel.swift in Sources */ = {isa = PBXBuildFile; fileRef = 5826185E2C12222100B041A2 /* HomeViewModel.swift */; };
		582618612C1222BD00B041A2 /* ViewState.swift in Sources */ = {isa = PBXBuildFile; fileRef = 582618602C1222BD00B041A2 /* ViewState.swift */; };
		582618642C12258400B041A2 /* MangaInteractorPreview.swift in Sources */ = {isa = PBXBuildFile; fileRef = 582618632C12258400B041A2 /* MangaInteractorPreview.swift */; };
		582618672C12267D00B041A2 /* Manga+Mocks.swift in Sources */ = {isa = PBXBuildFile; fileRef = 582618662C12267D00B041A2 /* Manga+Mocks.swift */; };
		583435F62C12358C00BEB2F2 /* Text+alignment.swift in Sources */ = {isa = PBXBuildFile; fileRef = 583435F52C12358C00BEB2F2 /* Text+alignment.swift */; };
		583435F82C12374A00BEB2F2 /* Localizable.xcstrings in Resources */ = {isa = PBXBuildFile; fileRef = 583435F72C12374A00BEB2F2 /* Localizable.xcstrings */; };
		583435FA2C123A9C00BEB2F2 /* HomeFactory.swift in Sources */ = {isa = PBXBuildFile; fileRef = 583435F92C123A9C00BEB2F2 /* HomeFactory.swift */; };
		583436012C123E9B00BEB2F2 /* String+Scaped.swift in Sources */ = {isa = PBXBuildFile; fileRef = 583436002C123E9B00BEB2F2 /* String+Scaped.swift */; };
		583436042C12447C00BEB2F2 /* SkeletonView.swift in Sources */ = {isa = PBXBuildFile; fileRef = 583436032C12447C00BEB2F2 /* SkeletonView.swift */; };
		583436062C1245C900BEB2F2 /* HomeMangaCard.swift in Sources */ = {isa = PBXBuildFile; fileRef = 583436052C1245C900BEB2F2 /* HomeMangaCard.swift */; };
		585C8BC22C10E374005FA187 /* MangaCollectionApp.swift in Sources */ = {isa = PBXBuildFile; fileRef = 585C8BC12C10E374005FA187 /* MangaCollectionApp.swift */; };
		585C8BC42C10E374005FA187 /* ContentView.swift in Sources */ = {isa = PBXBuildFile; fileRef = 585C8BC32C10E374005FA187 /* ContentView.swift */; };
		585C8BC62C10E377005FA187 /* Assets.xcassets in Resources */ = {isa = PBXBuildFile; fileRef = 585C8BC52C10E377005FA187 /* Assets.xcassets */; };
		585C8BC92C10E377005FA187 /* Preview Assets.xcassets in Resources */ = {isa = PBXBuildFile; fileRef = 585C8BC82C10E377005FA187 /* Preview Assets.xcassets */; };
		585C8BD52C10E4F7005FA187 /* APIRequest.swift in Sources */ = {isa = PBXBuildFile; fileRef = 585C8BD42C10E4F7005FA187 /* APIRequest.swift */; };
		585C8BD72C10EC29005FA187 /* MangaInteractor+Generic.swift in Sources */ = {isa = PBXBuildFile; fileRef = 585C8BD62C10EC29005FA187 /* MangaInteractor+Generic.swift */; };
		585C8BDA2C10ED34005FA187 /* MangaDTO.swift in Sources */ = {isa = PBXBuildFile; fileRef = 585C8BD92C10ED34005FA187 /* MangaDTO.swift */; };
		585C8BE22C10F231005FA187 /* Manga.swift in Sources */ = {isa = PBXBuildFile; fileRef = 585C8BE12C10F231005FA187 /* Manga.swift */; };
		585C8BE52C10F78A005FA187 /* NetworkService.swift in Sources */ = {isa = PBXBuildFile; fileRef = 585C8BE42C10F78A005FA187 /* NetworkService.swift */; };
		585C8BE82C10FA57005FA187 /* MangaListRequest.swift in Sources */ = {isa = PBXBuildFile; fileRef = 585C8BE72C10FA57005FA187 /* MangaListRequest.swift */; };
		585C8BEB2C11007F005FA187 /* JSONEncodable.swift in Sources */ = {isa = PBXBuildFile; fileRef = 585C8BEA2C11007F005FA187 /* JSONEncodable.swift */; };
		585C8BED2C110714005FA187 /* MangaDTO+MangaModels.swift in Sources */ = {isa = PBXBuildFile; fileRef = 585C8BEC2C110714005FA187 /* MangaDTO+MangaModels.swift */; };
		5866C7C72C1485F10019FA63 /* Shimmer in Frameworks */ = {isa = PBXBuildFile; productRef = 5866C7C62C1485F10019FA63 /* Shimmer */; };
		588788E82C1B45B6007F83B1 /* String+date.swift in Sources */ = {isa = PBXBuildFile; fileRef = 588788E72C1B45B6007F83B1 /* String+date.swift */; };
		588788EA2C1B463F007F83B1 /* Date+strings.swift in Sources */ = {isa = PBXBuildFile; fileRef = 588788E92C1B463F007F83B1 /* Date+strings.swift */; };
		58C04ED82C131A1100F5966B /* MangaDetailsView.swift in Sources */ = {isa = PBXBuildFile; fileRef = 58C04ED72C131A1100F5966B /* MangaDetailsView.swift */; };
		58C04EDA2C13212A00F5966B /* Image+clipCenter.swift in Sources */ = {isa = PBXBuildFile; fileRef = 58C04ED92C13212A00F5966B /* Image+clipCenter.swift */; };
		58C04EDC2C1328AA00F5966B /* String+trailingSpacesTrimmed.swift in Sources */ = {isa = PBXBuildFile; fileRef = 58C04EDB2C1328AA00F5966B /* String+trailingSpacesTrimmed.swift */; };
/* End PBXBuildFile section */

/* Begin PBXFileReference section */
		2322AD892C2351CB0067D246 /* AuthorMangaCard.swift */ = {isa = PBXFileReference; lastKnownFileType = sourcecode.swift; path = AuthorMangaCard.swift; sourceTree = "<group>"; };
		2322AD8C2C235A3F0067D246 /* MangasFilteredByView.swift */ = {isa = PBXFileReference; lastKnownFileType = sourcecode.swift; path = MangasFilteredByView.swift; sourceTree = "<group>"; };
		2322AD8E2C235A640067D246 /* MangasFilteredByViewModel.swift */ = {isa = PBXFileReference; lastKnownFileType = sourcecode.swift; path = MangasFilteredByViewModel.swift; sourceTree = "<group>"; };
		2322AD902C235AFB0067D246 /* MangaInteractor+FilteredBy.swift */ = {isa = PBXFileReference; lastKnownFileType = sourcecode.swift; path = "MangaInteractor+FilteredBy.swift"; sourceTree = "<group>"; };
		2322AD922C2361930067D246 /* MangaByRequest.swift */ = {isa = PBXFileReference; lastKnownFileType = sourcecode.swift; path = MangaByRequest.swift; sourceTree = "<group>"; };
		2322AD942C2363080067D246 /* MangaInteractor.swift */ = {isa = PBXFileReference; lastKnownFileType = sourcecode.swift; path = MangaInteractor.swift; sourceTree = "<group>"; };
		2322AD962C2365930067D246 /* MangasFilteredByFactory.swift */ = {isa = PBXFileReference; lastKnownFileType = sourcecode.swift; path = MangasFilteredByFactory.swift; sourceTree = "<group>"; };
		2322AD982C23682B0067D246 /* ManagaInteractorBy.swift */ = {isa = PBXFileReference; lastKnownFileType = sourcecode.swift; path = ManagaInteractorBy.swift; sourceTree = "<group>"; };
		2322AD9B2C236D6A0067D246 /* MangaCellView.swift */ = {isa = PBXFileReference; lastKnownFileType = sourcecode.swift; path = MangaCellView.swift; sourceTree = "<group>"; };
		2322AD9D2C2370AA0067D246 /* Manga+Data.swift */ = {isa = PBXFileReference; lastKnownFileType = sourcecode.swift; path = "Manga+Data.swift"; sourceTree = "<group>"; };
		2322AD9F2C2371840067D246 /* MangaInfoView.swift */ = {isa = PBXFileReference; lastKnownFileType = sourcecode.swift; path = MangaInfoView.swift; sourceTree = "<group>"; };
		2325F1EE2C35448700A8A1FE /* MangaDetailsViewModel.swift */ = {isa = PBXFileReference; lastKnownFileType = sourcecode.swift; path = MangaDetailsViewModel.swift; sourceTree = "<group>"; };
		2325F1F22C35635E00A8A1FE /* MyCollectionView.swift */ = {isa = PBXFileReference; lastKnownFileType = sourcecode.swift; path = MyCollectionView.swift; sourceTree = "<group>"; };
		2325F1F42C35638100A8A1FE /* CollectionItem.swift */ = {isa = PBXFileReference; lastKnownFileType = sourcecode.swift; path = CollectionItem.swift; sourceTree = "<group>"; };
		2325F1F62C3564D900A8A1FE /* ModelContainer+preview.swift */ = {isa = PBXFileReference; lastKnownFileType = sourcecode.swift; path = "ModelContainer+preview.swift"; sourceTree = "<group>"; };
		2325F1F82C36AD4700A8A1FE /* MyCollectionFactory.swift */ = {isa = PBXFileReference; lastKnownFileType = sourcecode.swift; path = MyCollectionFactory.swift; sourceTree = "<group>"; };
		2325F1FA2C36AD5700A8A1FE /* MyCollectionViewModel.swift */ = {isa = PBXFileReference; lastKnownFileType = sourcecode.swift; path = MyCollectionViewModel.swift; sourceTree = "<group>"; };
		2325F2022C3FB7E400A8A1FE /* AsyncImageView.swift */ = {isa = PBXFileReference; lastKnownFileType = sourcecode.swift; path = AsyncImageView.swift; sourceTree = "<group>"; };
		2325F2042C45379000A8A1FE /* MyCollectionEditView.swift */ = {isa = PBXFileReference; lastKnownFileType = sourcecode.swift; path = MyCollectionEditView.swift; sourceTree = "<group>"; };
		23494A272C75F80C00390A53 /* CustomAsyncImageView.swift */ = {isa = PBXFileReference; lastKnownFileType = sourcecode.swift; path = CustomAsyncImageView.swift; sourceTree = "<group>"; };
		23494A292C760C8700390A53 /* AppScreen.swift */ = {isa = PBXFileReference; lastKnownFileType = sourcecode.swift; path = AppScreen.swift; sourceTree = "<group>"; };
		236340042C245FF4005D5A14 /* Shimmer.swift */ = {isa = PBXFileReference; lastKnownFileType = sourcecode.swift; path = Shimmer.swift; sourceTree = "<group>"; };
		23E7C41A2C1C49C50096B742 /* AuthorsRequest.swift */ = {isa = PBXFileReference; lastKnownFileType = sourcecode.swift; path = AuthorsRequest.swift; sourceTree = "<group>"; };
		23E7C41E2C1C4AA20096B742 /* DemographicsRequest.swift */ = {isa = PBXFileReference; lastKnownFileType = sourcecode.swift; path = DemographicsRequest.swift; sourceTree = "<group>"; };
		23E7C4202C1C4B720096B742 /* GenresRequest.swift */ = {isa = PBXFileReference; lastKnownFileType = sourcecode.swift; path = GenresRequest.swift; sourceTree = "<group>"; };
		23E7C4222C1C4BB00096B742 /* ThemesRequest.swift */ = {isa = PBXFileReference; lastKnownFileType = sourcecode.swift; path = ThemesRequest.swift; sourceTree = "<group>"; };
		23E7C4242C1C4F400096B742 /* String+Models.swift */ = {isa = PBXFileReference; lastKnownFileType = sourcecode.swift; path = "String+Models.swift"; sourceTree = "<group>"; };
		23E7C4262C1C52970096B742 /* Author+Mocks.swift */ = {isa = PBXFileReference; lastKnownFileType = sourcecode.swift; path = "Author+Mocks.swift"; sourceTree = "<group>"; };
		23E7C4282C1C53BC0096B742 /* Demographic+Mocks.swift */ = {isa = PBXFileReference; lastKnownFileType = sourcecode.swift; path = "Demographic+Mocks.swift"; sourceTree = "<group>"; };
		23E7C42A2C1C54250096B742 /* Genres+Mocks.swift */ = {isa = PBXFileReference; lastKnownFileType = sourcecode.swift; path = "Genres+Mocks.swift"; sourceTree = "<group>"; };
		23E7C42C2C1C54740096B742 /* Theme+Mocks.swift */ = {isa = PBXFileReference; lastKnownFileType = sourcecode.swift; path = "Theme+Mocks.swift"; sourceTree = "<group>"; };
		23E7C42E2C1C68A60096B742 /* Color+random.swift */ = {isa = PBXFileReference; lastKnownFileType = sourcecode.swift; path = "Color+random.swift"; sourceTree = "<group>"; };
		23E7C4312C1C6ABE0096B742 /* CustomCard.swift */ = {isa = PBXFileReference; lastKnownFileType = sourcecode.swift; path = CustomCard.swift; sourceTree = "<group>"; };
		582618582C12211400B041A2 /* MangaBestRequest.swift */ = {isa = PBXFileReference; lastKnownFileType = sourcecode.swift; path = MangaBestRequest.swift; sourceTree = "<group>"; };
		5826185A2C12220800B041A2 /* HomeView.swift */ = {isa = PBXFileReference; lastKnownFileType = sourcecode.swift; path = HomeView.swift; sourceTree = "<group>"; };
		5826185E2C12222100B041A2 /* HomeViewModel.swift */ = {isa = PBXFileReference; lastKnownFileType = sourcecode.swift; path = HomeViewModel.swift; sourceTree = "<group>"; };
		582618602C1222BD00B041A2 /* ViewState.swift */ = {isa = PBXFileReference; lastKnownFileType = sourcecode.swift; path = ViewState.swift; sourceTree = "<group>"; };
		582618632C12258400B041A2 /* MangaInteractorPreview.swift */ = {isa = PBXFileReference; lastKnownFileType = sourcecode.swift; path = MangaInteractorPreview.swift; sourceTree = "<group>"; };
		582618662C12267D00B041A2 /* Manga+Mocks.swift */ = {isa = PBXFileReference; lastKnownFileType = sourcecode.swift; path = "Manga+Mocks.swift"; sourceTree = "<group>"; };
		583435F52C12358C00BEB2F2 /* Text+alignment.swift */ = {isa = PBXFileReference; lastKnownFileType = sourcecode.swift; path = "Text+alignment.swift"; sourceTree = "<group>"; };
		583435F72C12374A00BEB2F2 /* Localizable.xcstrings */ = {isa = PBXFileReference; lastKnownFileType = text.json.xcstrings; path = Localizable.xcstrings; sourceTree = "<group>"; };
		583435F92C123A9C00BEB2F2 /* HomeFactory.swift */ = {isa = PBXFileReference; lastKnownFileType = sourcecode.swift; path = HomeFactory.swift; sourceTree = "<group>"; };
		583436002C123E9B00BEB2F2 /* String+Scaped.swift */ = {isa = PBXFileReference; lastKnownFileType = sourcecode.swift; path = "String+Scaped.swift"; sourceTree = "<group>"; };
		583436032C12447C00BEB2F2 /* SkeletonView.swift */ = {isa = PBXFileReference; lastKnownFileType = sourcecode.swift; path = SkeletonView.swift; sourceTree = "<group>"; };
		583436052C1245C900BEB2F2 /* HomeMangaCard.swift */ = {isa = PBXFileReference; lastKnownFileType = sourcecode.swift; path = HomeMangaCard.swift; sourceTree = "<group>"; };
		585C8BBE2C10E374005FA187 /* MangaCollection.app */ = {isa = PBXFileReference; explicitFileType = wrapper.application; includeInIndex = 0; path = MangaCollection.app; sourceTree = BUILT_PRODUCTS_DIR; };
		585C8BC12C10E374005FA187 /* MangaCollectionApp.swift */ = {isa = PBXFileReference; lastKnownFileType = sourcecode.swift; path = MangaCollectionApp.swift; sourceTree = "<group>"; };
		585C8BC32C10E374005FA187 /* ContentView.swift */ = {isa = PBXFileReference; lastKnownFileType = sourcecode.swift; path = ContentView.swift; sourceTree = "<group>"; };
		585C8BC52C10E377005FA187 /* Assets.xcassets */ = {isa = PBXFileReference; lastKnownFileType = folder.assetcatalog; path = Assets.xcassets; sourceTree = "<group>"; };
		585C8BC82C10E377005FA187 /* Preview Assets.xcassets */ = {isa = PBXFileReference; lastKnownFileType = folder.assetcatalog; path = "Preview Assets.xcassets"; sourceTree = "<group>"; };
		585C8BD42C10E4F7005FA187 /* APIRequest.swift */ = {isa = PBXFileReference; lastKnownFileType = sourcecode.swift; path = APIRequest.swift; sourceTree = "<group>"; };
		585C8BD62C10EC29005FA187 /* MangaInteractor+Generic.swift */ = {isa = PBXFileReference; lastKnownFileType = sourcecode.swift; path = "MangaInteractor+Generic.swift"; sourceTree = "<group>"; };
		585C8BD92C10ED34005FA187 /* MangaDTO.swift */ = {isa = PBXFileReference; lastKnownFileType = sourcecode.swift; path = MangaDTO.swift; sourceTree = "<group>"; };
		585C8BE12C10F231005FA187 /* Manga.swift */ = {isa = PBXFileReference; lastKnownFileType = sourcecode.swift; path = Manga.swift; sourceTree = "<group>"; };
		585C8BE42C10F78A005FA187 /* NetworkService.swift */ = {isa = PBXFileReference; lastKnownFileType = sourcecode.swift; path = NetworkService.swift; sourceTree = "<group>"; };
		585C8BE72C10FA57005FA187 /* MangaListRequest.swift */ = {isa = PBXFileReference; lastKnownFileType = sourcecode.swift; path = MangaListRequest.swift; sourceTree = "<group>"; };
		585C8BEA2C11007F005FA187 /* JSONEncodable.swift */ = {isa = PBXFileReference; lastKnownFileType = sourcecode.swift; path = JSONEncodable.swift; sourceTree = "<group>"; };
		585C8BEC2C110714005FA187 /* MangaDTO+MangaModels.swift */ = {isa = PBXFileReference; lastKnownFileType = sourcecode.swift; path = "MangaDTO+MangaModels.swift"; sourceTree = "<group>"; };
		588788E72C1B45B6007F83B1 /* String+date.swift */ = {isa = PBXFileReference; lastKnownFileType = sourcecode.swift; path = "String+date.swift"; sourceTree = "<group>"; };
		588788E92C1B463F007F83B1 /* Date+strings.swift */ = {isa = PBXFileReference; lastKnownFileType = sourcecode.swift; path = "Date+strings.swift"; sourceTree = "<group>"; };
		58C04ED72C131A1100F5966B /* MangaDetailsView.swift */ = {isa = PBXFileReference; lastKnownFileType = sourcecode.swift; path = MangaDetailsView.swift; sourceTree = "<group>"; };
		58C04ED92C13212A00F5966B /* Image+clipCenter.swift */ = {isa = PBXFileReference; lastKnownFileType = sourcecode.swift; path = "Image+clipCenter.swift"; sourceTree = "<group>"; };
		58C04EDB2C1328AA00F5966B /* String+trailingSpacesTrimmed.swift */ = {isa = PBXFileReference; lastKnownFileType = sourcecode.swift; path = "String+trailingSpacesTrimmed.swift"; sourceTree = "<group>"; };
/* End PBXFileReference section */

/* Begin PBXFrameworksBuildPhase section */
		585C8BBB2C10E374005FA187 /* Frameworks */ = {
			isa = PBXFrameworksBuildPhase;
			buildActionMask = 2147483647;
			files = (
				5866C7C72C1485F10019FA63 /* Shimmer in Frameworks */,
			);
			runOnlyForDeploymentPostprocessing = 0;
		};
/* End PBXFrameworksBuildPhase section */

/* Begin PBXGroup section */
		2322AD8B2C235A1A0067D246 /* MangasFilteredBy */ = {
			isa = PBXGroup;
			children = (
				2322AD962C2365930067D246 /* MangasFilteredByFactory.swift */,
				2322AD8E2C235A640067D246 /* MangasFilteredByViewModel.swift */,
				2322AD8C2C235A3F0067D246 /* MangasFilteredByView.swift */,
			);
			path = MangasFilteredBy;
			sourceTree = "<group>";
		};
		2322AD9A2C236D5A0067D246 /* CommonViews */ = {
			isa = PBXGroup;
			children = (
				2322AD9B2C236D6A0067D246 /* MangaCellView.swift */,
				2322AD9F2C2371840067D246 /* MangaInfoView.swift */,
				2325F2022C3FB7E400A8A1FE /* AsyncImageView.swift */,
				23494A272C75F80C00390A53 /* CustomAsyncImageView.swift */,
			);
			path = CommonViews;
			sourceTree = "<group>";
		};
		2325F1F12C35634300A8A1FE /* MyCollection */ = {
			isa = PBXGroup;
			children = (
				2325F1F82C36AD4700A8A1FE /* MyCollectionFactory.swift */,
				2325F1FA2C36AD5700A8A1FE /* MyCollectionViewModel.swift */,
				2325F1F22C35635E00A8A1FE /* MyCollectionView.swift */,
			);
			path = MyCollection;
			sourceTree = "<group>";
		};
		5826185C2C12220F00B041A2 /* Home */ = {
			isa = PBXGroup;
			children = (
				583435F92C123A9C00BEB2F2 /* HomeFactory.swift */,
				5826185E2C12222100B041A2 /* HomeViewModel.swift */,
				5826185A2C12220800B041A2 /* HomeView.swift */,
				583436072C1245E600BEB2F2 /* ContentView */,
			);
			path = Home;
			sourceTree = "<group>";
		};
		582618622C12256C00B041A2 /* Interactor */ = {
			isa = PBXGroup;
			children = (
				582618632C12258400B041A2 /* MangaInteractorPreview.swift */,
				2322AD982C23682B0067D246 /* ManagaInteractorBy.swift */,
			);
			path = Interactor;
			sourceTree = "<group>";
		};
		582618652C12267400B041A2 /* Mocks */ = {
			isa = PBXGroup;
			children = (
				582618662C12267D00B041A2 /* Manga+Mocks.swift */,
				23E7C4262C1C52970096B742 /* Author+Mocks.swift */,
				23E7C4282C1C53BC0096B742 /* Demographic+Mocks.swift */,
				23E7C42A2C1C54250096B742 /* Genres+Mocks.swift */,
				23E7C42C2C1C54740096B742 /* Theme+Mocks.swift */,
			);
			path = Mocks;
			sourceTree = "<group>";
		};
		583436022C12446E00BEB2F2 /* CustomViews */ = {
			isa = PBXGroup;
			children = (
				583436032C12447C00BEB2F2 /* SkeletonView.swift */,
				236340042C245FF4005D5A14 /* Shimmer.swift */,
			);
			path = CustomViews;
			sourceTree = "<group>";
		};
		583436072C1245E600BEB2F2 /* ContentView */ = {
			isa = PBXGroup;
			children = (
				583436052C1245C900BEB2F2 /* HomeMangaCard.swift */,
				23E7C4312C1C6ABE0096B742 /* CustomCard.swift */,
				2322AD892C2351CB0067D246 /* AuthorMangaCard.swift */,
			);
			path = ContentView;
			sourceTree = "<group>";
		};
		585C8BB52C10E374005FA187 = {
			isa = PBXGroup;
			children = (
				585C8BC02C10E374005FA187 /* MangaCollection */,
				585C8BBF2C10E374005FA187 /* Products */,
			);
			sourceTree = "<group>";
		};
		585C8BBF2C10E374005FA187 /* Products */ = {
			isa = PBXGroup;
			children = (
				585C8BBE2C10E374005FA187 /* MangaCollection.app */,
			);
			name = Products;
			sourceTree = "<group>";
		};
		585C8BC02C10E374005FA187 /* MangaCollection */ = {
			isa = PBXGroup;
			children = (
				585C8BC12C10E374005FA187 /* MangaCollectionApp.swift */,
				585C8BD82C10EC8D005FA187 /* Model */,
				585C8BD02C10E3B4005FA187 /* View */,
				585C8BCF2C10E3AC005FA187 /* Interactor */,
				585C8BD32C10E4A5005FA187 /* Network */,
				585C8BE92C110070005FA187 /* Extension */,
				585C8BC52C10E377005FA187 /* Assets.xcassets */,
				583435F72C12374A00BEB2F2 /* Localizable.xcstrings */,
				585C8BC72C10E377005FA187 /* Preview Content */,
			);
			path = MangaCollection;
			sourceTree = "<group>";
		};
		585C8BC72C10E377005FA187 /* Preview Content */ = {
			isa = PBXGroup;
			children = (
				582618652C12267400B041A2 /* Mocks */,
				582618622C12256C00B041A2 /* Interactor */,
				585C8BC82C10E377005FA187 /* Preview Assets.xcassets */,
				2325F1F62C3564D900A8A1FE /* ModelContainer+preview.swift */,
			);
			path = "Preview Content";
			sourceTree = "<group>";
		};
		585C8BCF2C10E3AC005FA187 /* Interactor */ = {
			isa = PBXGroup;
			children = (
				585C8BD22C10E3E6005FA187 /* Manga */,
				585C8BD12C10E3DC005FA187 /* User */,
			);
			path = Interactor;
			sourceTree = "<group>";
		};
		585C8BD02C10E3B4005FA187 /* View */ = {
			isa = PBXGroup;
			children = (
				582618602C1222BD00B041A2 /* ViewState.swift */,
				23494A292C760C8700390A53 /* AppScreen.swift */,
				585C8BC32C10E374005FA187 /* ContentView.swift */,
				5826185C2C12220F00B041A2 /* Home */,
				2325F1F12C35634300A8A1FE /* MyCollection */,
				2322AD8B2C235A1A0067D246 /* MangasFilteredBy */,
				58C04ED62C1319FD00F5966B /* MangaDetails */,
				2322AD9A2C236D5A0067D246 /* CommonViews */,
				583436022C12446E00BEB2F2 /* CustomViews */,
			);
			path = View;
			sourceTree = "<group>";
		};
		585C8BD12C10E3DC005FA187 /* User */ = {
			isa = PBXGroup;
			children = (
			);
			path = User;
			sourceTree = "<group>";
		};
		585C8BD22C10E3E6005FA187 /* Manga */ = {
			isa = PBXGroup;
			children = (
				2322AD942C2363080067D246 /* MangaInteractor.swift */,
				585C8BD62C10EC29005FA187 /* MangaInteractor+Generic.swift */,
				2322AD902C235AFB0067D246 /* MangaInteractor+FilteredBy.swift */,
				585C8BE62C10FA44005FA187 /* Requests */,
			);
			path = Manga;
			sourceTree = "<group>";
		};
		585C8BD32C10E4A5005FA187 /* Network */ = {
			isa = PBXGroup;
			children = (
				585C8BD42C10E4F7005FA187 /* APIRequest.swift */,
				585C8BE42C10F78A005FA187 /* NetworkService.swift */,
			);
			path = Network;
			sourceTree = "<group>";
		};
		585C8BD82C10EC8D005FA187 /* Model */ = {
			isa = PBXGroup;
			children = (
				585C8BE12C10F231005FA187 /* Manga.swift */,
				585C8BD92C10ED34005FA187 /* MangaDTO.swift */,
				585C8BEC2C110714005FA187 /* MangaDTO+MangaModels.swift */,
				23E7C4242C1C4F400096B742 /* String+Models.swift */,
				2322AD9D2C2370AA0067D246 /* Manga+Data.swift */,
				2325F1F42C35638100A8A1FE /* CollectionItem.swift */,
			);
			path = Model;
			sourceTree = "<group>";
		};
		585C8BE62C10FA44005FA187 /* Requests */ = {
			isa = PBXGroup;
			children = (
				585C8BE72C10FA57005FA187 /* MangaListRequest.swift */,
				582618582C12211400B041A2 /* MangaBestRequest.swift */,
				23E7C41A2C1C49C50096B742 /* AuthorsRequest.swift */,
				23E7C41E2C1C4AA20096B742 /* DemographicsRequest.swift */,
				23E7C4202C1C4B720096B742 /* GenresRequest.swift */,
				23E7C4222C1C4BB00096B742 /* ThemesRequest.swift */,
				2322AD922C2361930067D246 /* MangaByRequest.swift */,
			);
			path = Requests;
			sourceTree = "<group>";
		};
		585C8BE92C110070005FA187 /* Extension */ = {
			isa = PBXGroup;
			children = (
				585C8BEA2C11007F005FA187 /* JSONEncodable.swift */,
				583435F52C12358C00BEB2F2 /* Text+alignment.swift */,
				583436002C123E9B00BEB2F2 /* String+Scaped.swift */,
				58C04ED92C13212A00F5966B /* Image+clipCenter.swift */,
				58C04EDB2C1328AA00F5966B /* String+trailingSpacesTrimmed.swift */,
				588788E72C1B45B6007F83B1 /* String+date.swift */,
				588788E92C1B463F007F83B1 /* Date+strings.swift */,
				23E7C42E2C1C68A60096B742 /* Color+random.swift */,
			);
			path = Extension;
			sourceTree = "<group>";
		};
		58C04ED62C1319FD00F5966B /* MangaDetails */ = {
			isa = PBXGroup;
			children = (
				2325F1EE2C35448700A8A1FE /* MangaDetailsViewModel.swift */,
				58C04ED72C131A1100F5966B /* MangaDetailsView.swift */,
				2325F2042C45379000A8A1FE /* MyCollectionEditView.swift */,
			);
			path = MangaDetails;
			sourceTree = "<group>";
		};
/* End PBXGroup section */

/* Begin PBXNativeTarget section */
		585C8BBD2C10E374005FA187 /* MangaCollection */ = {
			isa = PBXNativeTarget;
			buildConfigurationList = 585C8BCC2C10E377005FA187 /* Build configuration list for PBXNativeTarget "MangaCollection" */;
			buildPhases = (
				585C8BBA2C10E374005FA187 /* Sources */,
				585C8BBB2C10E374005FA187 /* Frameworks */,
				585C8BBC2C10E374005FA187 /* Resources */,
			);
			buildRules = (
			);
			dependencies = (
			);
			name = MangaCollection;
			packageProductDependencies = (
				5866C7C62C1485F10019FA63 /* Shimmer */,
			);
			productName = MangaCollection;
			productReference = 585C8BBE2C10E374005FA187 /* MangaCollection.app */;
			productType = "com.apple.product-type.application";
		};
/* End PBXNativeTarget section */

/* Begin PBXProject section */
		585C8BB62C10E374005FA187 /* Project object */ = {
			isa = PBXProject;
			attributes = {
				BuildIndependentTargetsInParallel = 1;
				LastSwiftUpdateCheck = 1540;
				LastUpgradeCheck = 1540;
				TargetAttributes = {
					585C8BBD2C10E374005FA187 = {
						CreatedOnToolsVersion = 15.4;
					};
				};
			};
			buildConfigurationList = 585C8BB92C10E374005FA187 /* Build configuration list for PBXProject "MangaCollection" */;
			compatibilityVersion = "Xcode 14.0";
			developmentRegion = es;
			hasScannedForEncodings = 0;
			knownRegions = (
				en,
				Base,
				es,
			);
			mainGroup = 585C8BB52C10E374005FA187;
			packageReferences = (
				5866C7C52C1485F10019FA63 /* XCRemoteSwiftPackageReference "SwiftUI-Shimmer" */,
			);
			productRefGroup = 585C8BBF2C10E374005FA187 /* Products */;
			projectDirPath = "";
			projectRoot = "";
			targets = (
				585C8BBD2C10E374005FA187 /* MangaCollection */,
			);
		};
/* End PBXProject section */

/* Begin PBXResourcesBuildPhase section */
		585C8BBC2C10E374005FA187 /* Resources */ = {
			isa = PBXResourcesBuildPhase;
			buildActionMask = 2147483647;
			files = (
				585C8BC92C10E377005FA187 /* Preview Assets.xcassets in Resources */,
				585C8BC62C10E377005FA187 /* Assets.xcassets in Resources */,
				583435F82C12374A00BEB2F2 /* Localizable.xcstrings in Resources */,
			);
			runOnlyForDeploymentPostprocessing = 0;
		};
/* End PBXResourcesBuildPhase section */

/* Begin PBXSourcesBuildPhase section */
		585C8BBA2C10E374005FA187 /* Sources */ = {
			isa = PBXSourcesBuildPhase;
			buildActionMask = 2147483647;
			files = (
				2322AD9E2C2370AA0067D246 /* Manga+Data.swift in Sources */,
				23E7C4292C1C53BC0096B742 /* Demographic+Mocks.swift in Sources */,
				2322AD8A2C2351CB0067D246 /* AuthorMangaCard.swift in Sources */,
				2325F1F72C3564D900A8A1FE /* ModelContainer+preview.swift in Sources */,
				236340052C245FF4005D5A14 /* Shimmer.swift in Sources */,
				582618642C12258400B041A2 /* MangaInteractorPreview.swift in Sources */,
				2322AD972C2365930067D246 /* MangasFilteredByFactory.swift in Sources */,
				2325F1FB2C36AD5700A8A1FE /* MyCollectionViewModel.swift in Sources */,
				23E7C41F2C1C4AA20096B742 /* DemographicsRequest.swift in Sources */,
				583436042C12447C00BEB2F2 /* SkeletonView.swift in Sources */,
				588788EA2C1B463F007F83B1 /* Date+strings.swift in Sources */,
				2325F1F92C36AD4700A8A1FE /* MyCollectionFactory.swift in Sources */,
				585C8BE22C10F231005FA187 /* Manga.swift in Sources */,
				2322ADA02C2371840067D246 /* MangaInfoView.swift in Sources */,
				23494A2A2C760C8700390A53 /* AppScreen.swift in Sources */,
				585C8BDA2C10ED34005FA187 /* MangaDTO.swift in Sources */,
				23E7C42D2C1C54740096B742 /* Theme+Mocks.swift in Sources */,
				2325F1F32C35635E00A8A1FE /* MyCollectionView.swift in Sources */,
				2322AD992C23682B0067D246 /* ManagaInteractorBy.swift in Sources */,
				23E7C42F2C1C68A60096B742 /* Color+random.swift in Sources */,
				23E7C4232C1C4BB00096B742 /* ThemesRequest.swift in Sources */,
				585C8BE82C10FA57005FA187 /* MangaListRequest.swift in Sources */,
				23E7C4272C1C52970096B742 /* Author+Mocks.swift in Sources */,
				2325F2052C45379000A8A1FE /* MyCollectionEditView.swift in Sources */,
				23E7C4212C1C4B720096B742 /* GenresRequest.swift in Sources */,
				23E7C42B2C1C54250096B742 /* Genres+Mocks.swift in Sources */,
				2325F1EF2C35448700A8A1FE /* MangaDetailsViewModel.swift in Sources */,
				58C04EDA2C13212A00F5966B /* Image+clipCenter.swift in Sources */,
				585C8BC42C10E374005FA187 /* ContentView.swift in Sources */,
				2322AD8F2C235A640067D246 /* MangasFilteredByViewModel.swift in Sources */,
				585C8BD72C10EC29005FA187 /* MangaInteractor+Generic.swift in Sources */,
				2322AD8D2C235A3F0067D246 /* MangasFilteredByView.swift in Sources */,
				585C8BD52C10E4F7005FA187 /* APIRequest.swift in Sources */,
				583436012C123E9B00BEB2F2 /* String+Scaped.swift in Sources */,
				58C04EDC2C1328AA00F5966B /* String+trailingSpacesTrimmed.swift in Sources */,
				2322AD952C2363080067D246 /* MangaInteractor.swift in Sources */,
				582618612C1222BD00B041A2 /* ViewState.swift in Sources */,
				2322AD9C2C236D6A0067D246 /* MangaCellView.swift in Sources */,
				585C8BC22C10E374005FA187 /* MangaCollectionApp.swift in Sources */,
				585C8BED2C110714005FA187 /* MangaDTO+MangaModels.swift in Sources */,
				2325F1F52C35638100A8A1FE /* CollectionItem.swift in Sources */,
				23494A282C75F80C00390A53 /* CustomAsyncImageView.swift in Sources */,
				582618672C12267D00B041A2 /* Manga+Mocks.swift in Sources */,
				23E7C4252C1C4F400096B742 /* String+Models.swift in Sources */,
				2322AD932C2361930067D246 /* MangaByRequest.swift in Sources */,
				583435F62C12358C00BEB2F2 /* Text+alignment.swift in Sources */,
				5826185F2C12222100B041A2 /* HomeViewModel.swift in Sources */,
				585C8BE52C10F78A005FA187 /* NetworkService.swift in Sources */,
				23E7C41B2C1C49C50096B742 /* AuthorsRequest.swift in Sources */,
				583436062C1245C900BEB2F2 /* HomeMangaCard.swift in Sources */,
				58C04ED82C131A1100F5966B /* MangaDetailsView.swift in Sources */,
				2322AD912C235AFB0067D246 /* MangaInteractor+FilteredBy.swift in Sources */,
				5826185B2C12220800B041A2 /* HomeView.swift in Sources */,
				585C8BEB2C11007F005FA187 /* JSONEncodable.swift in Sources */,
				23E7C4322C1C6ABE0096B742 /* CustomCard.swift in Sources */,
				2325F2032C3FB7E500A8A1FE /* AsyncImageView.swift in Sources */,
				582618592C12211400B041A2 /* MangaBestRequest.swift in Sources */,
				583435FA2C123A9C00BEB2F2 /* HomeFactory.swift in Sources */,
				588788E82C1B45B6007F83B1 /* String+date.swift in Sources */,
			);
			runOnlyForDeploymentPostprocessing = 0;
		};
/* End PBXSourcesBuildPhase section */

/* Begin XCBuildConfiguration section */
		585C8BCA2C10E377005FA187 /* Debug */ = {
			isa = XCBuildConfiguration;
			buildSettings = {
				ALWAYS_SEARCH_USER_PATHS = NO;
				ASSETCATALOG_COMPILER_GENERATE_SWIFT_ASSET_SYMBOL_EXTENSIONS = YES;
				CLANG_ANALYZER_NONNULL = YES;
				CLANG_ANALYZER_NUMBER_OBJECT_CONVERSION = YES_AGGRESSIVE;
				CLANG_CXX_LANGUAGE_STANDARD = "gnu++20";
				CLANG_ENABLE_MODULES = YES;
				CLANG_ENABLE_OBJC_ARC = YES;
				CLANG_ENABLE_OBJC_WEAK = YES;
				CLANG_WARN_BLOCK_CAPTURE_AUTORELEASING = YES;
				CLANG_WARN_BOOL_CONVERSION = YES;
				CLANG_WARN_COMMA = YES;
				CLANG_WARN_CONSTANT_CONVERSION = YES;
				CLANG_WARN_DEPRECATED_OBJC_IMPLEMENTATIONS = YES;
				CLANG_WARN_DIRECT_OBJC_ISA_USAGE = YES_ERROR;
				CLANG_WARN_DOCUMENTATION_COMMENTS = YES;
				CLANG_WARN_EMPTY_BODY = YES;
				CLANG_WARN_ENUM_CONVERSION = YES;
				CLANG_WARN_INFINITE_RECURSION = YES;
				CLANG_WARN_INT_CONVERSION = YES;
				CLANG_WARN_NON_LITERAL_NULL_CONVERSION = YES;
				CLANG_WARN_OBJC_IMPLICIT_RETAIN_SELF = YES;
				CLANG_WARN_OBJC_LITERAL_CONVERSION = YES;
				CLANG_WARN_OBJC_ROOT_CLASS = YES_ERROR;
				CLANG_WARN_QUOTED_INCLUDE_IN_FRAMEWORK_HEADER = YES;
				CLANG_WARN_RANGE_LOOP_ANALYSIS = YES;
				CLANG_WARN_STRICT_PROTOTYPES = YES;
				CLANG_WARN_SUSPICIOUS_MOVE = YES;
				CLANG_WARN_UNGUARDED_AVAILABILITY = YES_AGGRESSIVE;
				CLANG_WARN_UNREACHABLE_CODE = YES;
				CLANG_WARN__DUPLICATE_METHOD_MATCH = YES;
				COPY_PHASE_STRIP = NO;
				DEBUG_INFORMATION_FORMAT = dwarf;
				ENABLE_STRICT_OBJC_MSGSEND = YES;
				ENABLE_TESTABILITY = YES;
				ENABLE_USER_SCRIPT_SANDBOXING = YES;
				GCC_C_LANGUAGE_STANDARD = gnu17;
				GCC_DYNAMIC_NO_PIC = NO;
				GCC_NO_COMMON_BLOCKS = YES;
				GCC_OPTIMIZATION_LEVEL = 0;
				GCC_PREPROCESSOR_DEFINITIONS = (
					"DEBUG=1",
					"$(inherited)",
				);
				GCC_WARN_64_TO_32_BIT_CONVERSION = YES;
				GCC_WARN_ABOUT_RETURN_TYPE = YES_ERROR;
				GCC_WARN_UNDECLARED_SELECTOR = YES;
				GCC_WARN_UNINITIALIZED_AUTOS = YES_AGGRESSIVE;
				GCC_WARN_UNUSED_FUNCTION = YES;
				GCC_WARN_UNUSED_VARIABLE = YES;
				IPHONEOS_DEPLOYMENT_TARGET = 17.5;
				LOCALIZATION_PREFERS_STRING_CATALOGS = YES;
				MTL_ENABLE_DEBUG_INFO = INCLUDE_SOURCE;
				MTL_FAST_MATH = YES;
				ONLY_ACTIVE_ARCH = YES;
				SDKROOT = iphoneos;
				SWIFT_ACTIVE_COMPILATION_CONDITIONS = "DEBUG $(inherited)";
				SWIFT_OPTIMIZATION_LEVEL = "-Onone";
			};
			name = Debug;
		};
		585C8BCB2C10E377005FA187 /* Release */ = {
			isa = XCBuildConfiguration;
			buildSettings = {
				ALWAYS_SEARCH_USER_PATHS = NO;
				ASSETCATALOG_COMPILER_GENERATE_SWIFT_ASSET_SYMBOL_EXTENSIONS = YES;
				CLANG_ANALYZER_NONNULL = YES;
				CLANG_ANALYZER_NUMBER_OBJECT_CONVERSION = YES_AGGRESSIVE;
				CLANG_CXX_LANGUAGE_STANDARD = "gnu++20";
				CLANG_ENABLE_MODULES = YES;
				CLANG_ENABLE_OBJC_ARC = YES;
				CLANG_ENABLE_OBJC_WEAK = YES;
				CLANG_WARN_BLOCK_CAPTURE_AUTORELEASING = YES;
				CLANG_WARN_BOOL_CONVERSION = YES;
				CLANG_WARN_COMMA = YES;
				CLANG_WARN_CONSTANT_CONVERSION = YES;
				CLANG_WARN_DEPRECATED_OBJC_IMPLEMENTATIONS = YES;
				CLANG_WARN_DIRECT_OBJC_ISA_USAGE = YES_ERROR;
				CLANG_WARN_DOCUMENTATION_COMMENTS = YES;
				CLANG_WARN_EMPTY_BODY = YES;
				CLANG_WARN_ENUM_CONVERSION = YES;
				CLANG_WARN_INFINITE_RECURSION = YES;
				CLANG_WARN_INT_CONVERSION = YES;
				CLANG_WARN_NON_LITERAL_NULL_CONVERSION = YES;
				CLANG_WARN_OBJC_IMPLICIT_RETAIN_SELF = YES;
				CLANG_WARN_OBJC_LITERAL_CONVERSION = YES;
				CLANG_WARN_OBJC_ROOT_CLASS = YES_ERROR;
				CLANG_WARN_QUOTED_INCLUDE_IN_FRAMEWORK_HEADER = YES;
				CLANG_WARN_RANGE_LOOP_ANALYSIS = YES;
				CLANG_WARN_STRICT_PROTOTYPES = YES;
				CLANG_WARN_SUSPICIOUS_MOVE = YES;
				CLANG_WARN_UNGUARDED_AVAILABILITY = YES_AGGRESSIVE;
				CLANG_WARN_UNREACHABLE_CODE = YES;
				CLANG_WARN__DUPLICATE_METHOD_MATCH = YES;
				COPY_PHASE_STRIP = NO;
				DEBUG_INFORMATION_FORMAT = "dwarf-with-dsym";
				ENABLE_NS_ASSERTIONS = NO;
				ENABLE_STRICT_OBJC_MSGSEND = YES;
				ENABLE_USER_SCRIPT_SANDBOXING = YES;
				GCC_C_LANGUAGE_STANDARD = gnu17;
				GCC_NO_COMMON_BLOCKS = YES;
				GCC_WARN_64_TO_32_BIT_CONVERSION = YES;
				GCC_WARN_ABOUT_RETURN_TYPE = YES_ERROR;
				GCC_WARN_UNDECLARED_SELECTOR = YES;
				GCC_WARN_UNINITIALIZED_AUTOS = YES_AGGRESSIVE;
				GCC_WARN_UNUSED_FUNCTION = YES;
				GCC_WARN_UNUSED_VARIABLE = YES;
				IPHONEOS_DEPLOYMENT_TARGET = 17.5;
				LOCALIZATION_PREFERS_STRING_CATALOGS = YES;
				MTL_ENABLE_DEBUG_INFO = NO;
				MTL_FAST_MATH = YES;
				SDKROOT = iphoneos;
				SWIFT_COMPILATION_MODE = wholemodule;
				VALIDATE_PRODUCT = YES;
			};
			name = Release;
		};
		585C8BCD2C10E377005FA187 /* Debug */ = {
			isa = XCBuildConfiguration;
			buildSettings = {
				ASSETCATALOG_COMPILER_APPICON_NAME = AppIcon;
				ASSETCATALOG_COMPILER_GLOBAL_ACCENT_COLOR_NAME = AccentColor;
				CODE_SIGN_STYLE = Automatic;
				CURRENT_PROJECT_VERSION = 1;
				DEVELOPMENT_ASSET_PATHS = "\"MangaCollection/Preview Content\"";
				DEVELOPMENT_TEAM = 7Q42WTV78L;
				ENABLE_PREVIEWS = YES;
				GENERATE_INFOPLIST_FILE = YES;
				INFOPLIST_KEY_UIApplicationSceneManifest_Generation = YES;
				INFOPLIST_KEY_UIApplicationSupportsIndirectInputEvents = YES;
				INFOPLIST_KEY_UILaunchScreen_Generation = YES;
				INFOPLIST_KEY_UISupportedInterfaceOrientations_iPad = "UIInterfaceOrientationPortrait UIInterfaceOrientationPortraitUpsideDown UIInterfaceOrientationLandscapeLeft UIInterfaceOrientationLandscapeRight";
				INFOPLIST_KEY_UISupportedInterfaceOrientations_iPhone = "UIInterfaceOrientationPortrait UIInterfaceOrientationLandscapeLeft UIInterfaceOrientationLandscapeRight";
				IPHONEOS_DEPLOYMENT_TARGET = 17.0;
				LD_RUNPATH_SEARCH_PATHS = (
					"$(inherited)",
					"@executable_path/Frameworks",
				);
				MARKETING_VERSION = 1.0;
				PRODUCT_BUNDLE_IDENTIFIER = hawaa.com.MangaCollection;
				PRODUCT_NAME = "$(TARGET_NAME)";
				SWIFT_EMIT_LOC_STRINGS = YES;
				SWIFT_VERSION = 5.0;
				TARGETED_DEVICE_FAMILY = "1,2";
			};
			name = Debug;
		};
		585C8BCE2C10E377005FA187 /* Release */ = {
			isa = XCBuildConfiguration;
			buildSettings = {
				ASSETCATALOG_COMPILER_APPICON_NAME = AppIcon;
				ASSETCATALOG_COMPILER_GLOBAL_ACCENT_COLOR_NAME = AccentColor;
				CODE_SIGN_STYLE = Automatic;
				CURRENT_PROJECT_VERSION = 1;
				DEVELOPMENT_ASSET_PATHS = "\"MangaCollection/Preview Content\"";
				DEVELOPMENT_TEAM = 7Q42WTV78L;
				ENABLE_PREVIEWS = YES;
				GENERATE_INFOPLIST_FILE = YES;
				INFOPLIST_KEY_UIApplicationSceneManifest_Generation = YES;
				INFOPLIST_KEY_UIApplicationSupportsIndirectInputEvents = YES;
				INFOPLIST_KEY_UILaunchScreen_Generation = YES;
				INFOPLIST_KEY_UISupportedInterfaceOrientations_iPad = "UIInterfaceOrientationPortrait UIInterfaceOrientationPortraitUpsideDown UIInterfaceOrientationLandscapeLeft UIInterfaceOrientationLandscapeRight";
				INFOPLIST_KEY_UISupportedInterfaceOrientations_iPhone = "UIInterfaceOrientationPortrait UIInterfaceOrientationLandscapeLeft UIInterfaceOrientationLandscapeRight";
				IPHONEOS_DEPLOYMENT_TARGET = 17.0;
				LD_RUNPATH_SEARCH_PATHS = (
					"$(inherited)",
					"@executable_path/Frameworks",
				);
				MARKETING_VERSION = 1.0;
				PRODUCT_BUNDLE_IDENTIFIER = hawaa.com.MangaCollection;
				PRODUCT_NAME = "$(TARGET_NAME)";
				SWIFT_EMIT_LOC_STRINGS = YES;
				SWIFT_VERSION = 5.0;
				TARGETED_DEVICE_FAMILY = "1,2";
			};
			name = Release;
		};
/* End XCBuildConfiguration section */

/* Begin XCConfigurationList section */
		585C8BB92C10E374005FA187 /* Build configuration list for PBXProject "MangaCollection" */ = {
			isa = XCConfigurationList;
			buildConfigurations = (
				585C8BCA2C10E377005FA187 /* Debug */,
				585C8BCB2C10E377005FA187 /* Release */,
			);
			defaultConfigurationIsVisible = 0;
			defaultConfigurationName = Release;
		};
		585C8BCC2C10E377005FA187 /* Build configuration list for PBXNativeTarget "MangaCollection" */ = {
			isa = XCConfigurationList;
			buildConfigurations = (
				585C8BCD2C10E377005FA187 /* Debug */,
				585C8BCE2C10E377005FA187 /* Release */,
			);
			defaultConfigurationIsVisible = 0;
			defaultConfigurationName = Release;
		};
/* End XCConfigurationList section */

/* Begin XCRemoteSwiftPackageReference section */
		5866C7C52C1485F10019FA63 /* XCRemoteSwiftPackageReference "SwiftUI-Shimmer" */ = {
			isa = XCRemoteSwiftPackageReference;
			repositoryURL = "https://github.com/markiv/SwiftUI-Shimmer.git";
			requirement = {
				kind = exactVersion;
				version = 1.5.0;
			};
		};
/* End XCRemoteSwiftPackageReference section */

/* Begin XCSwiftPackageProductDependency section */
		5866C7C62C1485F10019FA63 /* Shimmer */ = {
			isa = XCSwiftPackageProductDependency;
			package = 5866C7C52C1485F10019FA63 /* XCRemoteSwiftPackageReference "SwiftUI-Shimmer" */;
			productName = Shimmer;
		};
/* End XCSwiftPackageProductDependency section */
	};
	rootObject = 585C8BB62C10E374005FA187 /* Project object */;
}
